
Microsoft Visual Studio Solution File, Format Version 12.00
# Visual Studio Version 16
VisualStudioVersion = 16.0.31105.61
MinimumVisualStudioVersion = 10.0.40219.1
Project("{FAE04EC0-301F-11D3-BF4B-00C04F79EFBC}") = "WebApplication7", "WebApplication7\WebApplication7.csproj", "{7CE07CF4-92FB-4D10-A75A-8BCECC46CF7B}"
EndProject
Project("{FAE04EC0-301F-11D3-BF4B-00C04F79EFBC}") = "WindowsFormsApp1", "WindowsFormsApp1\WindowsFormsApp1.csproj", "{03BB1A53-55B9-4615-8E18-581B65760BC1}"
	ProjectSection(ProjectDependencies) = postProject
		{7CE07CF4-92FB-4D10-A75A-8BCECC46CF7B} = {7CE07CF4-92FB-4D10-A75A-8BCECC46CF7B}
	EndProjectSection
EndProject
Global
	GlobalSection(SolutionConfigurationPlatforms) = preSolution
		Debug|Any CPU = Debug|Any CPU
		Release|Any CPU = Release|Any CPU
	EndGlobalSection
	GlobalSection(ProjectConfigurationPlatforms) = postSolution
		{7CE07CF4-92FB-4D10-A75A-8BCECC46CF7B}.Debug|Any CPU.ActiveCfg = Debug|Any CPU
		{7CE07CF4-92FB-4D10-A75A-8BCECC46CF7B}.Debug|Any CPU.Build.0 = Debug|Any CPU
		{7CE07CF4-92FB-4D10-A75A-8BCECC46CF7B}.Release|Any CPU.ActiveCfg = Release|Any CPU
		{7CE07CF4-92FB-4D10-A75A-8BCECC46CF7B}.Release|Any CPU.Build.0 = Release|Any CPU
		{03BB1A53-55B9-4615-8E18-581B65760BC1}.Debug|Any CPU.ActiveCfg = Debug|Any CPU
		{03BB1A53-55B9-4615-8E18-581B65760BC1}.Debug|Any CPU.Build.0 = Debug|Any CPU
		{03BB1A53-55B9-4615-8E18-581B65760BC1}.Release|Any CPU.ActiveCfg = Release|Any CPU
		{03BB1A53-55B9-4615-8E18-581B65760BC1}.Release|Any CPU.Build.0 = Release|Any CPU
	EndGlobalSection
	GlobalSection(SolutionProperties) = preSolution
		HideSolutionNode = FALSE
	EndGlobalSection
	GlobalSection(ExtensibilityGlobals) = postSolution
		SolutionGuid = {041A17B0-8EBB-483B-AA31-58049D692DA6}
	EndGlobalSection
EndGlobal
